
Microsoft Visual Studio Solution File, Format Version 12.00
# Visual Studio Version 16
VisualStudioVersion = 16.0.29519.87
MinimumVisualStudioVersion = 10.0.40219.1
Project("{FAE04EC0-301F-11D3-BF4B-00C04F79EFBC}") = "Threading2", "Threading2.csproj", "{BE6360DD-8204-41B9-8C07-20A7883EC828}"
EndProject
Global
	GlobalSection(SolutionConfigurationPlatforms) = preSolution
		Debug|Any CPU = Debug|Any CPU
		Release|Any CPU = Release|Any CPU
	EndGlobalSection
	GlobalSection(ProjectConfigurationPlatforms) = postSolution
		{BE6360DD-8204-41B9-8C07-20A7883EC828}.Debug|Any CPU.ActiveCfg = Debug|Any CPU
		{BE6360DD-8204-41B9-8C07-20A7883EC828}.Debug|Any CPU.Build.0 = Debug|Any CPU
		{BE6360DD-8204-41B9-8C07-20A7883EC828}.Release|Any CPU.ActiveCfg = Release|Any CPU
		{BE6360DD-8204-41B9-8C07-20A7883EC828}.Release|Any CPU.Build.0 = Release|Any CPU
	EndGlobalSection
	GlobalSection(SolutionProperties) = preSolution
		HideSolutionNode = FALSE
	EndGlobalSection
	GlobalSection(ExtensibilityGlobals) = postSolution
		SolutionGuid = {BE5D53B9-11EA-4D83-B993-1119B970282A}
	EndGlobalSection
EndGlobal
