
Microsoft Visual Studio Solution File, Format Version 12.00
# Visual Studio Version 16
VisualStudioVersion = 16.0.31019.35
MinimumVisualStudioVersion = 10.0.40219.1
Project("{FAE04EC0-301F-11D3-BF4B-00C04F79EFBC}") = "Tutotial_Generics", "Tutotial_Generics.csproj", "{3C975D79-BA81-4E52-9C96-E501E3382904}"
EndProject
Global
	GlobalSection(SolutionConfigurationPlatforms) = preSolution
		Debug|Any CPU = Debug|Any CPU
		Release|Any CPU = Release|Any CPU
	EndGlobalSection
	GlobalSection(ProjectConfigurationPlatforms) = postSolution
		{3C975D79-BA81-4E52-9C96-E501E3382904}.Debug|Any CPU.ActiveCfg = Debug|Any CPU
		{3C975D79-BA81-4E52-9C96-E501E3382904}.Debug|Any CPU.Build.0 = Debug|Any CPU
		{3C975D79-BA81-4E52-9C96-E501E3382904}.Release|Any CPU.ActiveCfg = Release|Any CPU
		{3C975D79-BA81-4E52-9C96-E501E3382904}.Release|Any CPU.Build.0 = Release|Any CPU
	EndGlobalSection
	GlobalSection(SolutionProperties) = preSolution
		HideSolutionNode = FALSE
	EndGlobalSection
	GlobalSection(ExtensibilityGlobals) = postSolution
		SolutionGuid = {C55F6EA1-87F3-4BAF-A573-2D5E9E07F471}
	EndGlobalSection
EndGlobal
