
Microsoft Visual Studio Solution File, Format Version 12.00
# Visual Studio Version 16
VisualStudioVersion = 16.0.31019.35
MinimumVisualStudioVersion = 10.0.40219.1
Project("{FAE04EC0-301F-11D3-BF4B-00C04F79EFBC}") = "Tutorial_Interfaces", "Tutorial_Interfaces.csproj", "{02265731-B5BE-4AF7-98EB-B147BEA66352}"
EndProject
Global
	GlobalSection(SolutionConfigurationPlatforms) = preSolution
		Debug|Any CPU = Debug|Any CPU
		Release|Any CPU = Release|Any CPU
	EndGlobalSection
	GlobalSection(ProjectConfigurationPlatforms) = postSolution
		{02265731-B5BE-4AF7-98EB-B147BEA66352}.Debug|Any CPU.ActiveCfg = Debug|Any CPU
		{02265731-B5BE-4AF7-98EB-B147BEA66352}.Debug|Any CPU.Build.0 = Debug|Any CPU
		{02265731-B5BE-4AF7-98EB-B147BEA66352}.Release|Any CPU.ActiveCfg = Release|Any CPU
		{02265731-B5BE-4AF7-98EB-B147BEA66352}.Release|Any CPU.Build.0 = Release|Any CPU
	EndGlobalSection
	GlobalSection(SolutionProperties) = preSolution
		HideSolutionNode = FALSE
	EndGlobalSection
	GlobalSection(ExtensibilityGlobals) = postSolution
		SolutionGuid = {C75F2E08-CD3F-4414-9666-53175912BF68}
	EndGlobalSection
EndGlobal
