
Microsoft Visual Studio Solution File, Format Version 12.00
# Visual Studio Version 16
VisualStudioVersion = 16.0.29905.134
MinimumVisualStudioVersion = 10.0.40219.1
Project("{FAE04EC0-301F-11D3-BF4B-00C04F79EFBC}") = "Directory", "Directory.csproj", "{78615642-7C4D-4378-982F-897F0FC96AAA}"
EndProject
Global
	GlobalSection(SolutionConfigurationPlatforms) = preSolution
		Debug|Any CPU = Debug|Any CPU
		Release|Any CPU = Release|Any CPU
	EndGlobalSection
	GlobalSection(ProjectConfigurationPlatforms) = postSolution
		{78615642-7C4D-4378-982F-897F0FC96AAA}.Debug|Any CPU.ActiveCfg = Debug|Any CPU
		{78615642-7C4D-4378-982F-897F0FC96AAA}.Debug|Any CPU.Build.0 = Debug|Any CPU
		{78615642-7C4D-4378-982F-897F0FC96AAA}.Release|Any CPU.ActiveCfg = Release|Any CPU
		{78615642-7C4D-4378-982F-897F0FC96AAA}.Release|Any CPU.Build.0 = Release|Any CPU
	EndGlobalSection
	GlobalSection(SolutionProperties) = preSolution
		HideSolutionNode = FALSE
	EndGlobalSection
	GlobalSection(ExtensibilityGlobals) = postSolution
		SolutionGuid = {352A8452-AFD2-432E-B149-A2721FBB27C3}
	EndGlobalSection
EndGlobal
