
Microsoft Visual Studio Solution File, Format Version 12.00
# Visual Studio Version 16
VisualStudioVersion = 16.0.29609.76
MinimumVisualStudioVersion = 10.0.40219.1
Project("{FAE04EC0-301F-11D3-BF4B-00C04F79EFBC}") = "StringOperations", "StringOperations.csproj", "{C13E0187-867B-4608-947C-1A7EE6974947}"
EndProject
Global
	GlobalSection(SolutionConfigurationPlatforms) = preSolution
		Debug|Any CPU = Debug|Any CPU
		Release|Any CPU = Release|Any CPU
	EndGlobalSection
	GlobalSection(ProjectConfigurationPlatforms) = postSolution
		{C13E0187-867B-4608-947C-1A7EE6974947}.Debug|Any CPU.ActiveCfg = Debug|Any CPU
		{C13E0187-867B-4608-947C-1A7EE6974947}.Debug|Any CPU.Build.0 = Debug|Any CPU
		{C13E0187-867B-4608-947C-1A7EE6974947}.Release|Any CPU.ActiveCfg = Release|Any CPU
		{C13E0187-867B-4608-947C-1A7EE6974947}.Release|Any CPU.Build.0 = Release|Any CPU
	EndGlobalSection
	GlobalSection(SolutionProperties) = preSolution
		HideSolutionNode = FALSE
	EndGlobalSection
	GlobalSection(ExtensibilityGlobals) = postSolution
		SolutionGuid = {42EDD012-F24C-4216-863B-FA31660DE449}
	EndGlobalSection
EndGlobal
