
Microsoft Visual Studio Solution File, Format Version 12.00
# Visual Studio Version 16
VisualStudioVersion = 16.0.30804.86
MinimumVisualStudioVersion = 10.0.40219.1
Project("{FAE04EC0-301F-11D3-BF4B-00C04F79EFBC}") = "Tutorial__10_4", "Tutorial__10_4.csproj", "{557A9D6E-8F48-41D8-81B6-C0351790FF8E}"
EndProject
Global
	GlobalSection(SolutionConfigurationPlatforms) = preSolution
		Debug|Any CPU = Debug|Any CPU
		Release|Any CPU = Release|Any CPU
	EndGlobalSection
	GlobalSection(ProjectConfigurationPlatforms) = postSolution
		{557A9D6E-8F48-41D8-81B6-C0351790FF8E}.Debug|Any CPU.ActiveCfg = Debug|Any CPU
		{557A9D6E-8F48-41D8-81B6-C0351790FF8E}.Debug|Any CPU.Build.0 = Debug|Any CPU
		{557A9D6E-8F48-41D8-81B6-C0351790FF8E}.Release|Any CPU.ActiveCfg = Release|Any CPU
		{557A9D6E-8F48-41D8-81B6-C0351790FF8E}.Release|Any CPU.Build.0 = Release|Any CPU
	EndGlobalSection
	GlobalSection(SolutionProperties) = preSolution
		HideSolutionNode = FALSE
	EndGlobalSection
	GlobalSection(ExtensibilityGlobals) = postSolution
		SolutionGuid = {A3F54192-A72D-400E-9DF7-456E1B63FDF2}
	EndGlobalSection
EndGlobal
