
Microsoft Visual Studio Solution File, Format Version 12.00
# Visual Studio Version 16
VisualStudioVersion = 16.0.31019.35
MinimumVisualStudioVersion = 10.0.40219.1
Project("{FAE04EC0-301F-11D3-BF4B-00C04F79EFBC}") = "Tutorial_Abstract", "Tutorial_Abstract.csproj", "{286B32CF-C030-47A2-BD4E-054CADDA975D}"
EndProject
Global
	GlobalSection(SolutionConfigurationPlatforms) = preSolution
		Debug|Any CPU = Debug|Any CPU
		Release|Any CPU = Release|Any CPU
	EndGlobalSection
	GlobalSection(ProjectConfigurationPlatforms) = postSolution
		{286B32CF-C030-47A2-BD4E-054CADDA975D}.Debug|Any CPU.ActiveCfg = Debug|Any CPU
		{286B32CF-C030-47A2-BD4E-054CADDA975D}.Debug|Any CPU.Build.0 = Debug|Any CPU
		{286B32CF-C030-47A2-BD4E-054CADDA975D}.Release|Any CPU.ActiveCfg = Release|Any CPU
		{286B32CF-C030-47A2-BD4E-054CADDA975D}.Release|Any CPU.Build.0 = Release|Any CPU
	EndGlobalSection
	GlobalSection(SolutionProperties) = preSolution
		HideSolutionNode = FALSE
	EndGlobalSection
	GlobalSection(ExtensibilityGlobals) = postSolution
		SolutionGuid = {4B7162F1-C01E-4A70-88FF-62D38BECA9FA}
	EndGlobalSection
EndGlobal
