
Microsoft Visual Studio Solution File, Format Version 12.00
# Visual Studio Version 16
VisualStudioVersion = 16.0.31005.135
MinimumVisualStudioVersion = 10.0.40219.1
Project("{FAE04EC0-301F-11D3-BF4B-00C04F79EFBC}") = "Tutorial_13_3", "Tutorial_13_3.csproj", "{15B76823-8B11-4486-B232-E1FD20065E85}"
EndProject
Global
	GlobalSection(SolutionConfigurationPlatforms) = preSolution
		Debug|Any CPU = Debug|Any CPU
		Release|Any CPU = Release|Any CPU
	EndGlobalSection
	GlobalSection(ProjectConfigurationPlatforms) = postSolution
		{15B76823-8B11-4486-B232-E1FD20065E85}.Debug|Any CPU.ActiveCfg = Debug|Any CPU
		{15B76823-8B11-4486-B232-E1FD20065E85}.Debug|Any CPU.Build.0 = Debug|Any CPU
		{15B76823-8B11-4486-B232-E1FD20065E85}.Release|Any CPU.ActiveCfg = Release|Any CPU
		{15B76823-8B11-4486-B232-E1FD20065E85}.Release|Any CPU.Build.0 = Release|Any CPU
	EndGlobalSection
	GlobalSection(SolutionProperties) = preSolution
		HideSolutionNode = FALSE
	EndGlobalSection
	GlobalSection(ExtensibilityGlobals) = postSolution
		SolutionGuid = {E8A47FA2-638B-4929-95A3-2C8CB95CC88D}
	EndGlobalSection
EndGlobal
