
Microsoft Visual Studio Solution File, Format Version 12.00
# Visual Studio Version 16
VisualStudioVersion = 16.0.29806.167
MinimumVisualStudioVersion = 10.0.40219.1
Project("{FAE04EC0-301F-11D3-BF4B-00C04F79EFBC}") = "Test_IFormatProviderCultureInfo", "Test_IFormatProviderCultureInfo.csproj", "{53B6CF06-318A-4163-A861-50BE5903E915}"
EndProject
Global
	GlobalSection(SolutionConfigurationPlatforms) = preSolution
		Debug|Any CPU = Debug|Any CPU
		Release|Any CPU = Release|Any CPU
	EndGlobalSection
	GlobalSection(ProjectConfigurationPlatforms) = postSolution
		{53B6CF06-318A-4163-A861-50BE5903E915}.Debug|Any CPU.ActiveCfg = Debug|Any CPU
		{53B6CF06-318A-4163-A861-50BE5903E915}.Debug|Any CPU.Build.0 = Debug|Any CPU
		{53B6CF06-318A-4163-A861-50BE5903E915}.Release|Any CPU.ActiveCfg = Release|Any CPU
		{53B6CF06-318A-4163-A861-50BE5903E915}.Release|Any CPU.Build.0 = Release|Any CPU
	EndGlobalSection
	GlobalSection(SolutionProperties) = preSolution
		HideSolutionNode = FALSE
	EndGlobalSection
	GlobalSection(ExtensibilityGlobals) = postSolution
		SolutionGuid = {838359BC-66C4-4D32-9DFD-837AB853845B}
	EndGlobalSection
EndGlobal
