
Microsoft Visual Studio Solution File, Format Version 12.00
# Visual Studio Version 16
VisualStudioVersion = 16.0.31019.35
MinimumVisualStudioVersion = 10.0.40219.1
Project("{FAE04EC0-301F-11D3-BF4B-00C04F79EFBC}") = "Tutorial_WPF1", "Tutorial_WPF1.csproj", "{A02A26FA-EFA0-49A1-9ED1-D40068FB4E0A}"
EndProject
Global
	GlobalSection(SolutionConfigurationPlatforms) = preSolution
		Debug|Any CPU = Debug|Any CPU
		Release|Any CPU = Release|Any CPU
	EndGlobalSection
	GlobalSection(ProjectConfigurationPlatforms) = postSolution
		{A02A26FA-EFA0-49A1-9ED1-D40068FB4E0A}.Debug|Any CPU.ActiveCfg = Debug|Any CPU
		{A02A26FA-EFA0-49A1-9ED1-D40068FB4E0A}.Debug|Any CPU.Build.0 = Debug|Any CPU
		{A02A26FA-EFA0-49A1-9ED1-D40068FB4E0A}.Release|Any CPU.ActiveCfg = Release|Any CPU
		{A02A26FA-EFA0-49A1-9ED1-D40068FB4E0A}.Release|Any CPU.Build.0 = Release|Any CPU
	EndGlobalSection
	GlobalSection(SolutionProperties) = preSolution
		HideSolutionNode = FALSE
	EndGlobalSection
	GlobalSection(ExtensibilityGlobals) = postSolution
		SolutionGuid = {BA36A74E-25D9-47C2-A9B3-853426D6162D}
	EndGlobalSection
EndGlobal
